// !$*UTF8*$!
{
	archiveVersion = 1;
	classes = {
	};
	objectVersion = 55;
	objects = {

/* Begin PBXBuildFile section */
		8017C442AAE13EA114AC4464 /* Pods_LetChat.framework in Frameworks */ = {isa = PBXBuildFile; fileRef = A0870682375F98FA902B726F /* Pods_LetChat.framework */; };
		DAEE356028E0E73E00E0F022 /* GoogleService-Info.plist in Resources */ = {isa = PBXBuildFile; fileRef = DAEE355F28E0E73E00E0F022 /* GoogleService-Info.plist */; };
		DAFA3EE328E0E45200F1433F /* AppDelegate.swift in Sources */ = {isa = PBXBuildFile; fileRef = DAFA3EE228E0E45200F1433F /* AppDelegate.swift */; };
		DAFA3EE528E0E45200F1433F /* SceneDelegate.swift in Sources */ = {isa = PBXBuildFile; fileRef = DAFA3EE428E0E45200F1433F /* SceneDelegate.swift */; };
		DAFA3EE728E0E45200F1433F /* ViewController.swift in Sources */ = {isa = PBXBuildFile; fileRef = DAFA3EE628E0E45200F1433F /* ViewController.swift */; };
		DAFA3EEA28E0E45200F1433F /* Main.storyboard in Resources */ = {isa = PBXBuildFile; fileRef = DAFA3EE828E0E45200F1433F /* Main.storyboard */; };
		DAFA3EEC28E0E45300F1433F /* Assets.xcassets in Resources */ = {isa = PBXBuildFile; fileRef = DAFA3EEB28E0E45300F1433F /* Assets.xcassets */; };
		DAFA3EEF28E0E45300F1433F /* LaunchScreen.storyboard in Resources */ = {isa = PBXBuildFile; fileRef = DAFA3EED28E0E45300F1433F /* LaunchScreen.storyboard */; };
/* End PBXBuildFile section */

/* Begin PBXFileReference section */
		7CD25359DF1BD2314D6F69F3 /* Pods-LetChat.debug.xcconfig */ = {isa = PBXFileReference; includeInIndex = 1; lastKnownFileType = text.xcconfig; name = "Pods-LetChat.debug.xcconfig"; path = "Target Support Files/Pods-LetChat/Pods-LetChat.debug.xcconfig"; sourceTree = "<group>"; };
		911DAC5F808DD8EAD0C383DE /* Pods-LetChat.release.xcconfig */ = {isa = PBXFileReference; includeInIndex = 1; lastKnownFileType = text.xcconfig; name = "Pods-LetChat.release.xcconfig"; path = "Target Support Files/Pods-LetChat/Pods-LetChat.release.xcconfig"; sourceTree = "<group>"; };
		A0870682375F98FA902B726F /* Pods_LetChat.framework */ = {isa = PBXFileReference; explicitFileType = wrapper.framework; includeInIndex = 0; path = Pods_LetChat.framework; sourceTree = BUILT_PRODUCTS_DIR; };
		DAEE355F28E0E73E00E0F022 /* GoogleService-Info.plist */ = {isa = PBXFileReference; fileEncoding = 4; lastKnownFileType = text.plist.xml; path = "GoogleService-Info.plist"; sourceTree = "<group>"; };
		DAFA3EDF28E0E45200F1433F /* LetChat.app */ = {isa = PBXFileReference; explicitFileType = wrapper.application; includeInIndex = 0; path = LetChat.app; sourceTree = BUILT_PRODUCTS_DIR; };
		DAFA3EE228E0E45200F1433F /* AppDelegate.swift */ = {isa = PBXFileReference; lastKnownFileType = sourcecode.swift; path = AppDelegate.swift; sourceTree = "<group>"; };
		DAFA3EE428E0E45200F1433F /* SceneDelegate.swift */ = {isa = PBXFileReference; lastKnownFileType = sourcecode.swift; path = SceneDelegate.swift; sourceTree = "<group>"; };
		DAFA3EE628E0E45200F1433F /* ViewController.swift */ = {isa = PBXFileReference; lastKnownFileType = sourcecode.swift; path = ViewController.swift; sourceTree = "<group>"; };
		DAFA3EE928E0E45200F1433F /* Base */ = {isa = PBXFileReference; lastKnownFileType = file.storyboard; name = Base; path = Base.lproj/Main.storyboard; sourceTree = "<group>"; };
		DAFA3EEB28E0E45300F1433F /* Assets.xcassets */ = {isa = PBXFileReference; lastKnownFileType = folder.assetcatalog; path = Assets.xcassets; sourceTree = "<group>"; };
		DAFA3EEE28E0E45300F1433F /* Base */ = {isa = PBXFileReference; lastKnownFileType = file.storyboard; name = Base; path = Base.lproj/LaunchScreen.storyboard; sourceTree = "<group>"; };
		DAFA3EF028E0E45300F1433F /* Info.plist */ = {isa = PBXFileReference; lastKnownFileType = text.plist.xml; path = Info.plist; sourceTree = "<group>"; };
/* End PBXFileReference section */

/* Begin PBXFrameworksBuildPhase section */
		DAFA3EDC28E0E45200F1433F /* Frameworks */ = {
			isa = PBXFrameworksBuildPhase;
			buildActionMask = 2147483647;
			files = (
				8017C442AAE13EA114AC4464 /* Pods_LetChat.framework in Frameworks */,
			);
			runOnlyForDeploymentPostprocessing = 0;
		};
/* End PBXFrameworksBuildPhase section */

/* Begin PBXGroup section */
		09A23E60B176D87768415553 /* Pods */ = {
			isa = PBXGroup;
			children = (
				7CD25359DF1BD2314D6F69F3 /* Pods-LetChat.debug.xcconfig */,
				911DAC5F808DD8EAD0C383DE /* Pods-LetChat.release.xcconfig */,
			);
			path = Pods;
			sourceTree = "<group>";
		};
		411FE85827C25A6EC82DD5BF /* Frameworks */ = {
			isa = PBXGroup;
			children = (
				A0870682375F98FA902B726F /* Pods_LetChat.framework */,
			);
			name = Frameworks;
			sourceTree = "<group>";
		};
		DAFA3ED628E0E45200F1433F = {
			isa = PBXGroup;
			children = (
				DAFA3EE128E0E45200F1433F /* LetChat */,
				DAFA3EE028E0E45200F1433F /* Products */,
				09A23E60B176D87768415553 /* Pods */,
				411FE85827C25A6EC82DD5BF /* Frameworks */,
			);
			sourceTree = "<group>";
		};
		DAFA3EE028E0E45200F1433F /* Products */ = {
			isa = PBXGroup;
			children = (
				DAFA3EDF28E0E45200F1433F /* LetChat.app */,
			);
			name = Products;
			sourceTree = "<group>";
		};
		DAFA3EE128E0E45200F1433F /* LetChat */ = {
			isa = PBXGroup;
			children = (
				DAFA3EE228E0E45200F1433F /* AppDelegate.swift */,
				DAFA3EE428E0E45200F1433F /* SceneDelegate.swift */,
				DAFA3EE628E0E45200F1433F /* ViewController.swift */,
				DAFA3EE828E0E45200F1433F /* Main.storyboard */,
				DAFA3EEB28E0E45300F1433F /* Assets.xcassets */,
				DAFA3EED28E0E45300F1433F /* LaunchScreen.storyboard */,
				DAFA3EF028E0E45300F1433F /* Info.plist */,
				DAEE355F28E0E73E00E0F022 /* GoogleService-Info.plist */,
			);
			path = LetChat;
			sourceTree = "<group>";
		};
/* End PBXGroup section */

/* Begin PBXNativeTarget section */
		DAFA3EDE28E0E45200F1433F /* LetChat */ = {
			isa = PBXNativeTarget;
			buildConfigurationList = DAFA3EF328E0E45300F1433F /* Build configuration list for PBXNativeTarget "LetChat" */;
			buildPhases = (
				065CD9EA244ED98E989A18E7 /* [CP] Check Pods Manifest.lock */,
				DAFA3EDB28E0E45200F1433F /* Sources */,
				DAFA3EDC28E0E45200F1433F /* Frameworks */,
				DAFA3EDD28E0E45200F1433F /* Resources */,
				274D8FDB4B1486C43BDF849E /* [CP] Embed Pods Frameworks */,
			);
			buildRules = (
			);
			dependencies = (
			);
			name = LetChat;
			productName = LetChat;
			productReference = DAFA3EDF28E0E45200F1433F /* LetChat.app */;
			productType = "com.apple.product-type.application";
		};
/* End PBXNativeTarget section */

/* Begin PBXProject section */
		DAFA3ED728E0E45200F1433F /* Project object */ = {
			isa = PBXProject;
			attributes = {
				BuildIndependentTargetsInParallel = 1;
				LastSwiftUpdateCheck = 1400;
				LastUpgradeCheck = 1400;
				TargetAttributes = {
					DAFA3EDE28E0E45200F1433F = {
						CreatedOnToolsVersion = 14.0;
					};
				};
			};
			buildConfigurationList = DAFA3EDA28E0E45200F1433F /* Build configuration list for PBXProject "LetChat" */;
			compatibilityVersion = "Xcode 13.0";
			developmentRegion = en;
			hasScannedForEncodings = 0;
			knownRegions = (
				en,
				Base,
			);
			mainGroup = DAFA3ED628E0E45200F1433F;
			productRefGroup = DAFA3EE028E0E45200F1433F /* Products */;
			projectDirPath = "";
			projectRoot = "";
			targets = (
				DAFA3EDE28E0E45200F1433F /* LetChat */,
			);
		};
/* End PBXProject section */

/* Begin PBXResourcesBuildPhase section */
		DAFA3EDD28E0E45200F1433F /* Resources */ = {
			isa = PBXResourcesBuildPhase;
			buildActionMask = 2147483647;
			files = (
				DAFA3EEF28E0E45300F1433F /* LaunchScreen.storyboard in Resources */,
				DAEE356028E0E73E00E0F022 /* GoogleService-Info.plist in Resources */,
				DAFA3EEC28E0E45300F1433F /* Assets.xcassets in Resources */,
				DAFA3EEA28E0E45200F1433F /* Main.storyboard in Resources */,
			);
			runOnlyForDeploymentPostprocessing = 0;
		};
/* End PBXResourcesBuildPhase section */

/* Begin PBXShellScriptBuildPhase section */
		065CD9EA244ED98E989A18E7 /* [CP] Check Pods Manifest.lock */ = {
			isa = PBXShellScriptBuildPhase;
			buildActionMask = 2147483647;
			files = (
			);
			inputFileListPaths = (
			);
			inputPaths = (
				"${PODS_PODFILE_DIR_PATH}/Podfile.lock",
				"${PODS_ROOT}/Manifest.lock",
			);
			name = "[CP] Check Pods Manifest.lock";
			outputFileListPaths = (
			);
			outputPaths = (
				"$(DERIVED_FILE_DIR)/Pods-LetChat-checkManifestLockResult.txt",
			);
			runOnlyForDeploymentPostprocessing = 0;
			shellPath = /bin/sh;
			shellScript = "diff \"${PODS_PODFILE_DIR_PATH}/Podfile.lock\" \"${PODS_ROOT}/Manifest.lock\" > /dev/null\nif [ $? != 0 ] ; then\n    # print error to STDERR\n    echo \"error: The sandbox is not in sync with the Podfile.lock. Run 'pod install' or update your CocoaPods installation.\" >&2\n    exit 1\nfi\n# This output is used by Xcode 'outputs' to avoid re-running this script phase.\necho \"SUCCESS\" > \"${SCRIPT_OUTPUT_FILE_0}\"\n";
			showEnvVarsInLog = 0;
		};
		274D8FDB4B1486C43BDF849E /* [CP] Embed Pods Frameworks */ = {
			isa = PBXShellScriptBuildPhase;
			buildActionMask = 2147483647;
			files = (
			);
			inputFileListPaths = (
				"${PODS_ROOT}/Target Support Files/Pods-LetChat/Pods-LetChat-frameworks-${CONFIGURATION}-input-files.xcfilelist",
			);
			name = "[CP] Embed Pods Frameworks";
			outputFileListPaths = (
				"${PODS_ROOT}/Target Support Files/Pods-LetChat/Pods-LetChat-frameworks-${CONFIGURATION}-output-files.xcfilelist",
			);
			runOnlyForDeploymentPostprocessing = 0;
			shellPath = /bin/sh;
			shellScript = "\"${PODS_ROOT}/Target Support Files/Pods-LetChat/Pods-LetChat-frameworks.sh\"\n";
			showEnvVarsInLog = 0;
		};
/* End PBXShellScriptBuildPhase section */

/* Begin PBXSourcesBuildPhase section */
		DAFA3EDB28E0E45200F1433F /* Sources */ = {
			isa = PBXSourcesBuildPhase;
			buildActionMask = 2147483647;
			files = (
				DAFA3EE728E0E45200F1433F /* ViewController.swift in Sources */,
				DAFA3EE328E0E45200F1433F /* AppDelegate.swift in Sources */,
				DAFA3EE528E0E45200F1433F /* SceneDelegate.swift in Sources */,
			);
			runOnlyForDeploymentPostprocessing = 0;
		};
/* End PBXSourcesBuildPhase section */

/* Begin PBXVariantGroup section */
		DAFA3EE828E0E45200F1433F /* Main.storyboard */ = {
			isa = PBXVariantGroup;
			children = (
				DAFA3EE928E0E45200F1433F /* Base */,
			);
			name = Main.storyboard;
			sourceTree = "<group>";
		};
		DAFA3EED28E0E45300F1433F /* LaunchScreen.storyboard */ = {
			isa = PBXVariantGroup;
			children = (
				DAFA3EEE28E0E45300F1433F /* Base */,
			);
			name = LaunchScreen.storyboard;
			sourceTree = "<group>";
		};
/* End PBXVariantGroup section */

/* Begin XCBuildConfiguration section */
		DAFA3EF128E0E45300F1433F /* Debug */ = {
			isa = XCBuildConfiguration;
			buildSettings = {
				ALWAYS_SEARCH_USER_PATHS = NO;
				CLANG_ANALYZER_NONNULL = YES;
				CLANG_ANALYZER_NUMBER_OBJECT_CONVERSION = YES_AGGRESSIVE;
				CLANG_CXX_LANGUAGE_STANDARD = "gnu++20";
				CLANG_ENABLE_MODULES = YES;
				CLANG_ENABLE_OBJC_ARC = YES;
				CLANG_ENABLE_OBJC_WEAK = YES;
				CLANG_WARN_BLOCK_CAPTURE_AUTORELEASING = YES;
				CLANG_WARN_BOOL_CONVERSION = YES;
				CLANG_WARN_COMMA = YES;
				CLANG_WARN_CONSTANT_CONVERSION = YES;
				CLANG_WARN_DEPRECATED_OBJC_IMPLEMENTATIONS = YES;
				CLANG_WARN_DIRECT_OBJC_ISA_USAGE = YES_ERROR;
				CLANG_WARN_DOCUMENTATION_COMMENTS = YES;
				CLANG_WARN_EMPTY_BODY = YES;
				CLANG_WARN_ENUM_CONVERSION = YES;
				CLANG_WARN_INFINITE_RECURSION = YES;
				CLANG_WARN_INT_CONVERSION = YES;
				CLANG_WARN_NON_LITERAL_NULL_CONVERSION = YES;
				CLANG_WARN_OBJC_IMPLICIT_RETAIN_SELF = YES;
				CLANG_WARN_OBJC_LITERAL_CONVERSION = YES;
				CLANG_WARN_OBJC_ROOT_CLASS = YES_ERROR;
				CLANG_WARN_QUOTED_INCLUDE_IN_FRAMEWORK_HEADER = YES;
				CLANG_WARN_RANGE_LOOP_ANALYSIS = YES;
				CLANG_WARN_STRICT_PROTOTYPES = YES;
				CLANG_WARN_SUSPICIOUS_MOVE = YES;
				CLANG_WARN_UNGUARDED_AVAILABILITY = YES_AGGRESSIVE;
				CLANG_WARN_UNREACHABLE_CODE = YES;
				CLANG_WARN__DUPLICATE_METHOD_MATCH = YES;
				COPY_PHASE_STRIP = NO;
				DEBUG_INFORMATION_FORMAT = dwarf;
				ENABLE_STRICT_OBJC_MSGSEND = YES;
				ENABLE_TESTABILITY = YES;
				GCC_C_LANGUAGE_STANDARD = gnu11;
				GCC_DYNAMIC_NO_PIC = NO;
				GCC_NO_COMMON_BLOCKS = YES;
				GCC_OPTIMIZATION_LEVEL = 0;
				GCC_PREPROCESSOR_DEFINITIONS = (
					"DEBUG=1",
					"$(inherited)",
				);
				GCC_WARN_64_TO_32_BIT_CONVERSION = YES;
				GCC_WARN_ABOUT_RETURN_TYPE = YES_ERROR;
				GCC_WARN_UNDECLARED_SELECTOR = YES;
				GCC_WARN_UNINITIALIZED_AUTOS = YES_AGGRESSIVE;
				GCC_WARN_UNUSED_FUNCTION = YES;
				GCC_WARN_UNUSED_VARIABLE = YES;
				IPHONEOS_DEPLOYMENT_TARGET = 14.0;
				MTL_ENABLE_DEBUG_INFO = INCLUDE_SOURCE;
				MTL_FAST_MATH = YES;
				ONLY_ACTIVE_ARCH = YES;
				SDKROOT = iphoneos;
				SWIFT_ACTIVE_COMPILATION_CONDITIONS = DEBUG;
				SWIFT_OPTIMIZATION_LEVEL = "-Onone";
			};
			name = Debug;
		};
		DAFA3EF228E0E45300F1433F /* Release */ = {
			isa = XCBuildConfiguration;
			buildSettings = {
				ALWAYS_SEARCH_USER_PATHS = NO;
				CLANG_ANALYZER_NONNULL = YES;
				CLANG_ANALYZER_NUMBER_OBJECT_CONVERSION = YES_AGGRESSIVE;
				CLANG_CXX_LANGUAGE_STANDARD = "gnu++20";
				CLANG_ENABLE_MODULES = YES;
				CLANG_ENABLE_OBJC_ARC = YES;
				CLANG_ENABLE_OBJC_WEAK = YES;
				CLANG_WARN_BLOCK_CAPTURE_AUTORELEASING = YES;
				CLANG_WARN_BOOL_CONVERSION = YES;
				CLANG_WARN_COMMA = YES;
				CLANG_WARN_CONSTANT_CONVERSION = YES;
				CLANG_WARN_DEPRECATED_OBJC_IMPLEMENTATIONS = YES;
				CLANG_WARN_DIRECT_OBJC_ISA_USAGE = YES_ERROR;
				CLANG_WARN_DOCUMENTATION_COMMENTS = YES;
				CLANG_WARN_EMPTY_BODY = YES;
				CLANG_WARN_ENUM_CONVERSION = YES;
				CLANG_WARN_INFINITE_RECURSION = YES;
				CLANG_WARN_INT_CONVERSION = YES;
				CLANG_WARN_NON_LITERAL_NULL_CONVERSION = YES;
				CLANG_WARN_OBJC_IMPLICIT_RETAIN_SELF = YES;
				CLANG_WARN_OBJC_LITERAL_CONVERSION = YES;
				CLANG_WARN_OBJC_ROOT_CLASS = YES_ERROR;
				CLANG_WARN_QUOTED_INCLUDE_IN_FRAMEWORK_HEADER = YES;
				CLANG_WARN_RANGE_LOOP_ANALYSIS = YES;
				CLANG_WARN_STRICT_PROTOTYPES = YES;
				CLANG_WARN_SUSPICIOUS_MOVE = YES;
				CLANG_WARN_UNGUARDED_AVAILABILITY = YES_AGGRESSIVE;
				CLANG_WARN_UNREACHABLE_CODE = YES;
				CLANG_WARN__DUPLICATE_METHOD_MATCH = YES;
				COPY_PHASE_STRIP = NO;
				DEBUG_INFORMATION_FORMAT = "dwarf-with-dsym";
				ENABLE_NS_ASSERTIONS = NO;
				ENABLE_STRICT_OBJC_MSGSEND = YES;
				GCC_C_LANGUAGE_STANDARD = gnu11;
				GCC_NO_COMMON_BLOCKS = YES;
				GCC_WARN_64_TO_32_BIT_CONVERSION = YES;
				GCC_WARN_ABOUT_RETURN_TYPE = YES_ERROR;
				GCC_WARN_UNDECLARED_SELECTOR = YES;
				GCC_WARN_UNINITIALIZED_AUTOS = YES_AGGRESSIVE;
				GCC_WARN_UNUSED_FUNCTION = YES;
				GCC_WARN_UNUSED_VARIABLE = YES;
				IPHONEOS_DEPLOYMENT_TARGET = 14.0;
				MTL_ENABLE_DEBUG_INFO = NO;
				MTL_FAST_MATH = YES;
				SDKROOT = iphoneos;
				SWIFT_COMPILATION_MODE = wholemodule;
				SWIFT_OPTIMIZATION_LEVEL = "-O";
				VALIDATE_PRODUCT = YES;
			};
			name = Release;
		};
		DAFA3EF428E0E45300F1433F /* Debug */ = {
			isa = XCBuildConfiguration;
			baseConfigurationReference = 7CD25359DF1BD2314D6F69F3 /* Pods-LetChat.debug.xcconfig */;
			buildSettings = {
				ASSETCATALOG_COMPILER_APPICON_NAME = AppIcon;
				ASSETCATALOG_COMPILER_GLOBAL_ACCENT_COLOR_NAME = AccentColor;
				CODE_SIGN_STYLE = Automatic;
				CURRENT_PROJECT_VERSION = 1;
				DEVELOPMENT_TEAM = F638V29VVL;
				"EXCLUDED_ARCHS[sdk=*]" = arm64;
				GENERATE_INFOPLIST_FILE = YES;
				INFOPLIST_FILE = LetChat/Info.plist;
				INFOPLIST_KEY_UIApplicationSupportsIndirectInputEvents = YES;
				INFOPLIST_KEY_UILaunchStoryboardName = LaunchScreen;
				INFOPLIST_KEY_UIMainStoryboardFile = Main;
				INFOPLIST_KEY_UISupportedInterfaceOrientations_iPad = "UIInterfaceOrientationPortrait UIInterfaceOrientationPortraitUpsideDown UIInterfaceOrientationLandscapeLeft UIInterfaceOrientationLandscapeRight";
				INFOPLIST_KEY_UISupportedInterfaceOrientations_iPhone = "UIInterfaceOrientationPortrait UIInterfaceOrientationLandscapeLeft UIInterfaceOrientationLandscapeRight";
				IPHONEOS_DEPLOYMENT_TARGET = 14.0;
				LD_RUNPATH_SEARCH_PATHS = (
					"$(inherited)",
					"@executable_path/Frameworks",
				);
				MARKETING_VERSION = 1.0;
				PRODUCT_BUNDLE_IDENTIFIER = com.mac.LetChat;
				PRODUCT_NAME = "$(TARGET_NAME)";
				SWIFT_EMIT_LOC_STRINGS = YES;
				SWIFT_VERSION = 5.0;
				TARGETED_DEVICE_FAMILY = "1,2";
			};
			name = Debug;
		};
		DAFA3EF528E0E45300F1433F /* Release */ = {
			isa = XCBuildConfiguration;
			baseConfigurationReference = 911DAC5F808DD8EAD0C383DE /* Pods-LetChat.release.xcconfig */;
			buildSettings = {
				ASSETCATALOG_COMPILER_APPICON_NAME = AppIcon;
				ASSETCATALOG_COMPILER_GLOBAL_ACCENT_COLOR_NAME = AccentColor;
				CODE_SIGN_STYLE = Automatic;
				CURRENT_PROJECT_VERSION = 1;
				DEVELOPMENT_TEAM = F638V29VVL;
				GENERATE_INFOPLIST_FILE = YES;
				INFOPLIST_FILE = LetChat/Info.plist;
				INFOPLIST_KEY_UIApplicationSupportsIndirectInputEvents = YES;
				INFOPLIST_KEY_UILaunchStoryboardName = LaunchScreen;
				INFOPLIST_KEY_UIMainStoryboardFile = Main;
				INFOPLIST_KEY_UISupportedInterfaceOrientations_iPad = "UIInterfaceOrientationPortrait UIInterfaceOrientationPortraitUpsideDown UIInterfaceOrientationLandscapeLeft UIInterfaceOrientationLandscapeRight";
				INFOPLIST_KEY_UISupportedInterfaceOrientations_iPhone = "UIInterfaceOrientationPortrait UIInterfaceOrientationLandscapeLeft UIInterfaceOrientationLandscapeRight";
				IPHONEOS_DEPLOYMENT_TARGET = 14.0;
				LD_RUNPATH_SEARCH_PATHS = (
					"$(inherited)",
					"@executable_path/Frameworks",
				);
				MARKETING_VERSION = 1.0;
				PRODUCT_BUNDLE_IDENTIFIER = com.mac.LetChat;
				PRODUCT_NAME = "$(TARGET_NAME)";
				SWIFT_EMIT_LOC_STRINGS = YES;
				SWIFT_VERSION = 5.0;
				TARGETED_DEVICE_FAMILY = "1,2";
			};
			name = Release;
		};
/* End XCBuildConfiguration section */

/* Begin XCConfigurationList section */
		DAFA3EDA28E0E45200F1433F /* Build configuration list for PBXProject "LetChat" */ = {
			isa = XCConfigurationList;
			buildConfigurations = (
				DAFA3EF128E0E45300F1433F /* Debug */,
				DAFA3EF228E0E45300F1433F /* Release */,
			);
			defaultConfigurationIsVisible = 0;
			defaultConfigurationName = Release;
		};
		DAFA3EF328E0E45300F1433F /* Build configuration list for PBXNativeTarget "LetChat" */ = {
			isa = XCConfigurationList;
			buildConfigurations = (
				DAFA3EF428E0E45300F1433F /* Debug */,
				DAFA3EF528E0E45300F1433F /* Release */,
			);
			defaultConfigurationIsVisible = 0;
			defaultConfigurationName = Release;
		};
/* End XCConfigurationList section */
	};
	rootObject = DAFA3ED728E0E45200F1433F /* Project object */;
}
